
Microsoft Visual Studio Solution File, Format Version 12.00
# Visual Studio Version 16
VisualStudioVersion = 16.0.32929.386
MinimumVisualStudioVersion = 10.0.40219.1
Project("{FAE04EC0-301F-11D3-BF4B-00C04F79EFBC}") = "MathApp", "LearnApp\MathApp.csproj", "{A7846712-D85E-4C9B-A51D-8E6BC0EF5298}"
EndProject
Project("{FAE04EC0-301F-11D3-BF4B-00C04F79EFBC}") = "MainPageSelict", "MainPageSelict\MainPageSelict.csproj", "{3D8F92E2-98FC-47E6-9B90-703258BCBCC3}"
EndProject
Project("{FAE04EC0-301F-11D3-BF4B-00C04F79EFBC}") = "HebrewGame", "HebrewGame\HebrewGame.csproj", "{713808E6-E098-4F02-84F4-C934112CC01F}"
EndProject
Global
	GlobalSection(SolutionConfigurationPlatforms) = preSolution
		Debug|Any CPU = Debug|Any CPU
		Release|Any CPU = Release|Any CPU
	EndGlobalSection
	GlobalSection(ProjectConfigurationPlatforms) = postSolution
		{A7846712-D85E-4C9B-A51D-8E6BC0EF5298}.Debug|Any CPU.ActiveCfg = Debug|Any CPU
		{A7846712-D85E-4C9B-A51D-8E6BC0EF5298}.Debug|Any CPU.Build.0 = Debug|Any CPU
		{A7846712-D85E-4C9B-A51D-8E6BC0EF5298}.Release|Any CPU.ActiveCfg = Release|Any CPU
		{A7846712-D85E-4C9B-A51D-8E6BC0EF5298}.Release|Any CPU.Build.0 = Release|Any CPU
		{3D8F92E2-98FC-47E6-9B90-703258BCBCC3}.Debug|Any CPU.ActiveCfg = Debug|Any CPU
		{3D8F92E2-98FC-47E6-9B90-703258BCBCC3}.Debug|Any CPU.Build.0 = Debug|Any CPU
		{3D8F92E2-98FC-47E6-9B90-703258BCBCC3}.Release|Any CPU.ActiveCfg = Release|Any CPU
		{3D8F92E2-98FC-47E6-9B90-703258BCBCC3}.Release|Any CPU.Build.0 = Release|Any CPU
		{713808E6-E098-4F02-84F4-C934112CC01F}.Debug|Any CPU.ActiveCfg = Debug|Any CPU
		{713808E6-E098-4F02-84F4-C934112CC01F}.Debug|Any CPU.Build.0 = Debug|Any CPU
		{713808E6-E098-4F02-84F4-C934112CC01F}.Release|Any CPU.ActiveCfg = Release|Any CPU
		{713808E6-E098-4F02-84F4-C934112CC01F}.Release|Any CPU.Build.0 = Release|Any CPU
	EndGlobalSection
	GlobalSection(SolutionProperties) = preSolution
		HideSolutionNode = FALSE
	EndGlobalSection
	GlobalSection(ExtensibilityGlobals) = postSolution
		SolutionGuid = {F1AC7AC4-EA7A-4374-9B68-FE7A962B7892}
	EndGlobalSection
EndGlobal
